# This file was autogenerated by uv via the following command:
#    uv pip compile pyproject.toml -o uv.lock
aiosqlite==0.20.0
    # via lnbits (pyproject.toml)
anyio==4.9.0
    # via
    #   httpx
    #   sse-starlette
    #   starlette
asn1crypto==1.5.1
    # via coincurve
asyncpg==0.30.0
    # via lnbits (pyproject.toml)
base58==2.1.1
    # via
    #   bolt11
    #   pyln-proto
bech32==1.2.0
    # via
    #   lnbits (pyproject.toml)
    #   bolt11
    #   lnurl
bitarray==3.4.3
    # via bitstring
bitstring==4.3.1
    # via
    #   bolt11
    #   pyln-proto
bolt11==2.1.0
    # via
    #   lnbits (pyproject.toml)
    #   lnurl
certifi==2025.6.15
    # via
    #   httpcore
    #   httpx
    #   requests
cffi==1.17.1
    # via
    #   coincurve
    #   cryptography
    #   secp256k1
charset-normalizer==3.4.2
    # via requests
click==8.1.7
    # via
    #   lnbits (pyproject.toml)
    #   bolt11
    #   typer
    #   uvicorn
coincurve==20.0.0
    # via
    #   bolt11
    #   pyln-proto
    #   pynostr
cryptography==42.0.8
    # via
    #   http-ece
    #   py-vapid
    #   pyln-proto
    #   pynostr
    #   pywebpush
deprecated==1.2.18
    # via limits
dnspython==2.7.0
    # via email-validator
ecdsa==0.19.0
    # via
    #   lnbits (pyproject.toml)
    #   lnurl
email-validator==2.2.0
    # via pydantic
embit==0.8.0
    # via lnbits (pyproject.toml)
environs==9.5.0
    # via lnbits (pyproject.toml)
fastapi==0.115.2
    # via
    #   lnbits (pyproject.toml)
    #   fastapi-sso
    #   sse-starlette
fastapi-sso==0.15.0
    # via lnbits (pyproject.toml)
filetype==1.2.0
    # via lnbits (pyproject.toml)
greenlet==3.2.3
    # via sqlalchemy
grpcio==1.69.0
    # via lnbits (pyproject.toml)
h11==0.16.0
    # via
    #   httpcore
    #   uvicorn
http-ece==1.2.1
    # via pywebpush
httpcore==1.0.9
    # via httpx
httpx==0.27.0
    # via
    #   lnbits (pyproject.toml)
    #   fastapi-sso
    #   lnurl
idna==3.10
    # via
    #   anyio
    #   email-validator
    #   httpx
    #   requests
itsdangerous==2.2.0
    # via lnbits (pyproject.toml)
jinja2==3.1.4
    # via lnbits (pyproject.toml)
jsonpath-ng==1.7.0
    # via lnbits (pyproject.toml)
limits==5.4.0
    # via slowapi
lnurl==0.5.3
    # via lnbits (pyproject.toml)
loguru==0.7.2
    # via lnbits (pyproject.toml)
markdown-it-py==3.0.0
    # via rich
markupsafe==3.0.2
    # via jinja2
marshmallow==4.0.0
    # via environs
mdurl==0.1.2
    # via markdown-it-py
nostr-sdk==0.42.1
    # via lnbits (pyproject.toml)
oauthlib==3.3.1
    # via fastapi-sso
packaging==24.0
    # via
    #   lnbits (pyproject.toml)
    #   limits
passlib==1.7.4
    # via lnbits (pyproject.toml)
ply==3.11
    # via jsonpath-ng
protobuf==5.29.1
    # via lnbits (pyproject.toml)
py-vapid==1.9.2
    # via pywebpush
pycparser==2.22
    # via cffi
pycryptodomex==3.20.0
    # via lnbits (pyproject.toml)
pydantic==1.10.18
    # via
    #   lnbits (pyproject.toml)
    #   fastapi
    #   fastapi-sso
    #   lnurl
pygments==2.19.2
    # via rich
pyjwt==2.9.0
    # via lnbits (pyproject.toml)
pyln-bolt7==1.0.246
    # via pyln-client
pyln-client==24.11
    # via lnbits (pyproject.toml)
pyln-proto==25.5
    # via pyln-client
pynostr==0.6.2
    # via lnbits (pyproject.toml)
pyqrcode==1.2.1
    # via lnbits (pyproject.toml)
pysocks==1.7.1
    # via pyln-proto
python-crontab==3.2.0
    # via lnbits (pyproject.toml)
python-dateutil==2.9.0.post0
    # via python-crontab
python-dotenv==1.1.1
    # via environs
python-multipart==0.0.20
    # via lnbits (pyproject.toml)
pywebpush==1.14.1
    # via lnbits (pyproject.toml)
requests==2.32.4
    # via
    #   pynostr
    #   pywebpush
rich==14.0.0
    # via
    #   pynostr
    #   typer
secp256k1==0.14.0
    # via lnbits (pyproject.toml)
shellingham==1.5.4
    # via typer
shortuuid==1.0.13
    # via lnbits (pyproject.toml)
six==1.17.0
    # via
    #   ecdsa
    #   python-dateutil
    #   pywebpush
slowapi==0.1.9
    # via lnbits (pyproject.toml)
sniffio==1.3.1
    # via
    #   anyio
    #   httpx
sqlalchemy==1.4.54
    # via lnbits (pyproject.toml)
sse-starlette==1.8.2
    # via lnbits (pyproject.toml)
starlette==0.40.0
    # via
    #   fastapi
    #   sse-starlette
tlv8==0.10.0
    # via pynostr
tornado==6.5.1
    # via pynostr
typer==0.16.0
    # via pynostr
typing-extensions==4.12.2
    # via
    #   lnbits (pyproject.toml)
    #   aiosqlite
    #   anyio
    #   fastapi
    #   limits
    #   pydantic
    #   typer
urllib3==2.5.0
    # via requests
uvicorn==0.34.2
    # via
    #   lnbits (pyproject.toml)
    #   sse-starlette
uvloop==0.21.0
    # via lnbits (pyproject.toml)
websocket-client==1.8.0
    # via lnbits (pyproject.toml)
websockets==11.0.3
    # via lnbits (pyproject.toml)
wrapt==1.17.2
    # via deprecated
